
Microsoft Visual Studio Solution File, Format Version 12.00
# Visual Studio 15
VisualStudioVersion = 15.0.28307.1778
MinimumVisualStudioVersion = 10.0.40219.1
Project("{8BC9CEB8-8B4A-11D0-8D11-00A0C91BC942}") = "SGA_Study", "SGA_Study\SGA_Study.vcxproj", "{0E6AECC1-1122-4CC2-9BE5-2302E5E6CD27}"
EndProject
Project("{8BC9CEB8-8B4A-11D0-8D11-00A0C91BC942}") = "C_220713_Class", "C_220713_Class\C_220713_Class.vcxproj", "{F074FAC7-0FDA-4A23-AD62-062E4C7C7348}"
EndProject
Project("{8BC9CEB8-8B4A-11D0-8D11-00A0C91BC942}") = "C_220713_Class_HW", "C_220713_Class_HW\C_220713_Class_HW.vcxproj", "{2764CD8C-BB89-4459-8118-90D579E3BD02}"
EndProject
Project("{8BC9CEB8-8B4A-11D0-8D11-00A0C91BC942}") = "C_220714", "C_220714\C_220714.vcxproj", "{9FAE59B6-62BB-48F5-85F0-70EC2F01A24C}"
EndProject
Project("{8BC9CEB8-8B4A-11D0-8D11-00A0C91BC942}") = "C_220715", "C_220715\C_220715.vcxproj", "{29BAE587-B0BF-42E7-96F4-47EC21B329AF}"
EndProject
Project("{8BC9CEB8-8B4A-11D0-8D11-00A0C91BC942}") = "C_220715_HW", "C_220715_HW\C_220715_HW.vcxproj", "{04E838F8-F127-4F91-B757-C04B17C7ED04}"
EndProject
Project("{8BC9CEB8-8B4A-11D0-8D11-00A0C91BC942}") = "C_220718", "C_220718\C_220718.vcxproj", "{51AA3F38-A10F-446F-8A8D-BBDB8007779D}"
EndProject
Project("{8BC9CEB8-8B4A-11D0-8D11-00A0C91BC942}") = "C_220718_HW", "C_220718_HW\C_220718_HW.vcxproj", "{81F39E18-4262-4A6E-9667-0CCDA6696123}"
EndProject
Project("{8BC9CEB8-8B4A-11D0-8D11-00A0C91BC942}") = "C_220719", "C_220719\C_220719.vcxproj", "{6C949C3E-F156-4B36-8651-E0E196979880}"
EndProject
Project("{8BC9CEB8-8B4A-11D0-8D11-00A0C91BC942}") = "C_220719_HW", "C_220719_HW\C_220719_HW.vcxproj", "{704FEFE2-FBE0-4524-8D41-E17B82C13B51}"
EndProject
Project("{8BC9CEB8-8B4A-11D0-8D11-00A0C91BC942}") = "C_220720", "C_220720\C_220720.vcxproj", "{92A94FF0-BDDA-48C9-AF62-C4A2EE14A483}"
EndProject
Project("{8BC9CEB8-8B4A-11D0-8D11-00A0C91BC942}") = "C_220722", "C_220722\C_220722.vcxproj", "{6AEB2D0C-F30F-42CA-AAA8-FB813E6A050F}"
EndProject
Project("{8BC9CEB8-8B4A-11D0-8D11-00A0C91BC942}") = "C_220725", "C_220725\C_220725.vcxproj", "{77A9A286-4643-4FE8-BC21-DF69075DD442}"
EndProject
Project("{8BC9CEB8-8B4A-11D0-8D11-00A0C91BC942}") = "C_220725_HW", "C_220725_HW\C_220725_HW.vcxproj", "{773D3A1E-43AD-460B-87A8-699558073748}"
EndProject
Global
	GlobalSection(SolutionConfigurationPlatforms) = preSolution
		Debug|x64 = Debug|x64
		Debug|x86 = Debug|x86
		Release|x64 = Release|x64
		Release|x86 = Release|x86
	EndGlobalSection
	GlobalSection(ProjectConfigurationPlatforms) = postSolution
		{0E6AECC1-1122-4CC2-9BE5-2302E5E6CD27}.Debug|x64.ActiveCfg = Debug|x64
		{0E6AECC1-1122-4CC2-9BE5-2302E5E6CD27}.Debug|x64.Build.0 = Debug|x64
		{0E6AECC1-1122-4CC2-9BE5-2302E5E6CD27}.Debug|x86.ActiveCfg = Debug|Win32
		{0E6AECC1-1122-4CC2-9BE5-2302E5E6CD27}.Debug|x86.Build.0 = Debug|Win32
		{0E6AECC1-1122-4CC2-9BE5-2302E5E6CD27}.Release|x64.ActiveCfg = Release|x64
		{0E6AECC1-1122-4CC2-9BE5-2302E5E6CD27}.Release|x64.Build.0 = Release|x64
		{0E6AECC1-1122-4CC2-9BE5-2302E5E6CD27}.Release|x86.ActiveCfg = Release|Win32
		{0E6AECC1-1122-4CC2-9BE5-2302E5E6CD27}.Release|x86.Build.0 = Release|Win32
		{F074FAC7-0FDA-4A23-AD62-062E4C7C7348}.Debug|x64.ActiveCfg = Debug|x64
		{F074FAC7-0FDA-4A23-AD62-062E4C7C7348}.Debug|x64.Build.0 = Debug|x64
		{F074FAC7-0FDA-4A23-AD62-062E4C7C7348}.Debug|x86.ActiveCfg = Debug|Win32
		{F074FAC7-0FDA-4A23-AD62-062E4C7C7348}.Debug|x86.Build.0 = Debug|Win32
		{F074FAC7-0FDA-4A23-AD62-062E4C7C7348}.Release|x64.ActiveCfg = Release|x64
		{F074FAC7-0FDA-4A23-AD62-062E4C7C7348}.Release|x64.Build.0 = Release|x64
		{F074FAC7-0FDA-4A23-AD62-062E4C7C7348}.Release|x86.ActiveCfg = Release|Win32
		{F074FAC7-0FDA-4A23-AD62-062E4C7C7348}.Release|x86.Build.0 = Release|Win32
		{2764CD8C-BB89-4459-8118-90D579E3BD02}.Debug|x64.ActiveCfg = Debug|x64
		{2764CD8C-BB89-4459-8118-90D579E3BD02}.Debug|x64.Build.0 = Debug|x64
		{2764CD8C-BB89-4459-8118-90D579E3BD02}.Debug|x86.ActiveCfg = Debug|Win32
		{2764CD8C-BB89-4459-8118-90D579E3BD02}.Debug|x86.Build.0 = Debug|Win32
		{2764CD8C-BB89-4459-8118-90D579E3BD02}.Release|x64.ActiveCfg = Release|x64
		{2764CD8C-BB89-4459-8118-90D579E3BD02}.Release|x64.Build.0 = Release|x64
		{2764CD8C-BB89-4459-8118-90D579E3BD02}.Release|x86.ActiveCfg = Release|Win32
		{2764CD8C-BB89-4459-8118-90D579E3BD02}.Release|x86.Build.0 = Release|Win32
		{9FAE59B6-62BB-48F5-85F0-70EC2F01A24C}.Debug|x64.ActiveCfg = Debug|x64
		{9FAE59B6-62BB-48F5-85F0-70EC2F01A24C}.Debug|x64.Build.0 = Debug|x64
		{9FAE59B6-62BB-48F5-85F0-70EC2F01A24C}.Debug|x86.ActiveCfg = Debug|Win32
		{9FAE59B6-62BB-48F5-85F0-70EC2F01A24C}.Debug|x86.Build.0 = Debug|Win32
		{9FAE59B6-62BB-48F5-85F0-70EC2F01A24C}.Release|x64.ActiveCfg = Release|x64
		{9FAE59B6-62BB-48F5-85F0-70EC2F01A24C}.Release|x64.Build.0 = Release|x64
		{9FAE59B6-62BB-48F5-85F0-70EC2F01A24C}.Release|x86.ActiveCfg = Release|Win32
		{9FAE59B6-62BB-48F5-85F0-70EC2F01A24C}.Release|x86.Build.0 = Release|Win32
		{29BAE587-B0BF-42E7-96F4-47EC21B329AF}.Debug|x64.ActiveCfg = Debug|x64
		{29BAE587-B0BF-42E7-96F4-47EC21B329AF}.Debug|x64.Build.0 = Debug|x64
		{29BAE587-B0BF-42E7-96F4-47EC21B329AF}.Debug|x86.ActiveCfg = Debug|Win32
		{29BAE587-B0BF-42E7-96F4-47EC21B329AF}.Debug|x86.Build.0 = Debug|Win32
		{29BAE587-B0BF-42E7-96F4-47EC21B329AF}.Release|x64.ActiveCfg = Release|x64
		{29BAE587-B0BF-42E7-96F4-47EC21B329AF}.Release|x64.Build.0 = Release|x64
		{29BAE587-B0BF-42E7-96F4-47EC21B329AF}.Release|x86.ActiveCfg = Release|Win32
		{29BAE587-B0BF-42E7-96F4-47EC21B329AF}.Release|x86.Build.0 = Release|Win32
		{04E838F8-F127-4F91-B757-C04B17C7ED04}.Debug|x64.ActiveCfg = Debug|x64
		{04E838F8-F127-4F91-B757-C04B17C7ED04}.Debug|x64.Build.0 = Debug|x64
		{04E838F8-F127-4F91-B757-C04B17C7ED04}.Debug|x86.ActiveCfg = Debug|Win32
		{04E838F8-F127-4F91-B757-C04B17C7ED04}.Debug|x86.Build.0 = Debug|Win32
		{04E838F8-F127-4F91-B757-C04B17C7ED04}.Release|x64.ActiveCfg = Release|x64
		{04E838F8-F127-4F91-B757-C04B17C7ED04}.Release|x64.Build.0 = Release|x64
		{04E838F8-F127-4F91-B757-C04B17C7ED04}.Release|x86.ActiveCfg = Release|Win32
		{04E838F8-F127-4F91-B757-C04B17C7ED04}.Release|x86.Build.0 = Release|Win32
		{51AA3F38-A10F-446F-8A8D-BBDB8007779D}.Debug|x64.ActiveCfg = Debug|x64
		{51AA3F38-A10F-446F-8A8D-BBDB8007779D}.Debug|x64.Build.0 = Debug|x64
		{51AA3F38-A10F-446F-8A8D-BBDB8007779D}.Debug|x86.ActiveCfg = Debug|Win32
		{51AA3F38-A10F-446F-8A8D-BBDB8007779D}.Debug|x86.Build.0 = Debug|Win32
		{51AA3F38-A10F-446F-8A8D-BBDB8007779D}.Release|x64.ActiveCfg = Release|x64
		{51AA3F38-A10F-446F-8A8D-BBDB8007779D}.Release|x64.Build.0 = Release|x64
		{51AA3F38-A10F-446F-8A8D-BBDB8007779D}.Release|x86.ActiveCfg = Release|Win32
		{51AA3F38-A10F-446F-8A8D-BBDB8007779D}.Release|x86.Build.0 = Release|Win32
		{81F39E18-4262-4A6E-9667-0CCDA6696123}.Debug|x64.ActiveCfg = Debug|x64
		{81F39E18-4262-4A6E-9667-0CCDA6696123}.Debug|x64.Build.0 = Debug|x64
		{81F39E18-4262-4A6E-9667-0CCDA6696123}.Debug|x86.ActiveCfg = Debug|Win32
		{81F39E18-4262-4A6E-9667-0CCDA6696123}.Debug|x86.Build.0 = Debug|Win32
		{81F39E18-4262-4A6E-9667-0CCDA6696123}.Release|x64.ActiveCfg = Release|x64
		{81F39E18-4262-4A6E-9667-0CCDA6696123}.Release|x64.Build.0 = Release|x64
		{81F39E18-4262-4A6E-9667-0CCDA6696123}.Release|x86.ActiveCfg = Release|Win32
		{81F39E18-4262-4A6E-9667-0CCDA6696123}.Release|x86.Build.0 = Release|Win32
		{6C949C3E-F156-4B36-8651-E0E196979880}.Debug|x64.ActiveCfg = Debug|x64
		{6C949C3E-F156-4B36-8651-E0E196979880}.Debug|x64.Build.0 = Debug|x64
		{6C949C3E-F156-4B36-8651-E0E196979880}.Debug|x86.ActiveCfg = Debug|Win32
		{6C949C3E-F156-4B36-8651-E0E196979880}.Debug|x86.Build.0 = Debug|Win32
		{6C949C3E-F156-4B36-8651-E0E196979880}.Release|x64.ActiveCfg = Release|x64
		{6C949C3E-F156-4B36-8651-E0E196979880}.Release|x64.Build.0 = Release|x64
		{6C949C3E-F156-4B36-8651-E0E196979880}.Release|x86.ActiveCfg = Release|Win32
		{6C949C3E-F156-4B36-8651-E0E196979880}.Release|x86.Build.0 = Release|Win32
		{704FEFE2-FBE0-4524-8D41-E17B82C13B51}.Debug|x64.ActiveCfg = Debug|x64
		{704FEFE2-FBE0-4524-8D41-E17B82C13B51}.Debug|x64.Build.0 = Debug|x64
		{704FEFE2-FBE0-4524-8D41-E17B82C13B51}.Debug|x86.ActiveCfg = Debug|Win32
		{704FEFE2-FBE0-4524-8D41-E17B82C13B51}.Debug|x86.Build.0 = Debug|Win32
		{704FEFE2-FBE0-4524-8D41-E17B82C13B51}.Release|x64.ActiveCfg = Release|x64
		{704FEFE2-FBE0-4524-8D41-E17B82C13B51}.Release|x64.Build.0 = Release|x64
		{704FEFE2-FBE0-4524-8D41-E17B82C13B51}.Release|x86.ActiveCfg = Release|Win32
		{704FEFE2-FBE0-4524-8D41-E17B82C13B51}.Release|x86.Build.0 = Release|Win32
		{92A94FF0-BDDA-48C9-AF62-C4A2EE14A483}.Debug|x64.ActiveCfg = Debug|x64
		{92A94FF0-BDDA-48C9-AF62-C4A2EE14A483}.Debug|x64.Build.0 = Debug|x64
		{92A94FF0-BDDA-48C9-AF62-C4A2EE14A483}.Debug|x86.ActiveCfg = Debug|Win32
		{92A94FF0-BDDA-48C9-AF62-C4A2EE14A483}.Debug|x86.Build.0 = Debug|Win32
		{92A94FF0-BDDA-48C9-AF62-C4A2EE14A483}.Release|x64.ActiveCfg = Release|x64
		{92A94FF0-BDDA-48C9-AF62-C4A2EE14A483}.Release|x64.Build.0 = Release|x64
		{92A94FF0-BDDA-48C9-AF62-C4A2EE14A483}.Release|x86.ActiveCfg = Release|Win32
		{92A94FF0-BDDA-48C9-AF62-C4A2EE14A483}.Release|x86.Build.0 = Release|Win32
		{6AEB2D0C-F30F-42CA-AAA8-FB813E6A050F}.Debug|x64.ActiveCfg = Debug|x64
		{6AEB2D0C-F30F-42CA-AAA8-FB813E6A050F}.Debug|x64.Build.0 = Debug|x64
		{6AEB2D0C-F30F-42CA-AAA8-FB813E6A050F}.Debug|x86.ActiveCfg = Debug|Win32
		{6AEB2D0C-F30F-42CA-AAA8-FB813E6A050F}.Debug|x86.Build.0 = Debug|Win32
		{6AEB2D0C-F30F-42CA-AAA8-FB813E6A050F}.Release|x64.ActiveCfg = Release|x64
		{6AEB2D0C-F30F-42CA-AAA8-FB813E6A050F}.Release|x64.Build.0 = Release|x64
		{6AEB2D0C-F30F-42CA-AAA8-FB813E6A050F}.Release|x86.ActiveCfg = Release|Win32
		{6AEB2D0C-F30F-42CA-AAA8-FB813E6A050F}.Release|x86.Build.0 = Release|Win32
		{77A9A286-4643-4FE8-BC21-DF69075DD442}.Debug|x64.ActiveCfg = Debug|x64
		{77A9A286-4643-4FE8-BC21-DF69075DD442}.Debug|x64.Build.0 = Debug|x64
		{77A9A286-4643-4FE8-BC21-DF69075DD442}.Debug|x86.ActiveCfg = Debug|Win32
		{77A9A286-4643-4FE8-BC21-DF69075DD442}.Debug|x86.Build.0 = Debug|Win32
		{77A9A286-4643-4FE8-BC21-DF69075DD442}.Release|x64.ActiveCfg = Release|x64
		{77A9A286-4643-4FE8-BC21-DF69075DD442}.Release|x64.Build.0 = Release|x64
		{77A9A286-4643-4FE8-BC21-DF69075DD442}.Release|x86.ActiveCfg = Release|Win32
		{77A9A286-4643-4FE8-BC21-DF69075DD442}.Release|x86.Build.0 = Release|Win32
		{773D3A1E-43AD-460B-87A8-699558073748}.Debug|x64.ActiveCfg = Debug|x64
		{773D3A1E-43AD-460B-87A8-699558073748}.Debug|x64.Build.0 = Debug|x64
		{773D3A1E-43AD-460B-87A8-699558073748}.Debug|x86.ActiveCfg = Debug|Win32
		{773D3A1E-43AD-460B-87A8-699558073748}.Debug|x86.Build.0 = Debug|Win32
		{773D3A1E-43AD-460B-87A8-699558073748}.Release|x64.ActiveCfg = Release|x64
		{773D3A1E-43AD-460B-87A8-699558073748}.Release|x64.Build.0 = Release|x64
		{773D3A1E-43AD-460B-87A8-699558073748}.Release|x86.ActiveCfg = Release|Win32
		{773D3A1E-43AD-460B-87A8-699558073748}.Release|x86.Build.0 = Release|Win32
	EndGlobalSection
	GlobalSection(SolutionProperties) = preSolution
		HideSolutionNode = FALSE
	EndGlobalSection
	GlobalSection(ExtensibilityGlobals) = postSolution
		SolutionGuid = {9DE5D1C4-083B-4D36-ACC0-1FEB12A3D4B0}
	EndGlobalSection
EndGlobal
